schema: '2.0'
stages:
  get_data:
    cmd: python scripts/data.py
    deps:
    - path: scripts/data.py
      hash: md5
      md5: 50d9c4b36ff1f319b8e42c1fd3d760de
      size: 1499
    params:
      params.yaml:
        index_col: id
    outs:
    - path: data/initial_data.csv
      hash: md5
      md5: a1d6aec29d94d115344cede3eae3192d
      size: 12406924
      cloud:
        my_storage_project1:
          etag: a1d6aec29d94d115344cede3eae3192d
          version_id: 0006238FAADC0CC3
  fit_model:
    cmd: python scripts/fit.py
    deps:
    - path: data/initial_data.csv
      hash: md5
      md5: a1d6aec29d94d115344cede3eae3192d
      size: 12406924
    - path: scripts/fit.py
      hash: md5
      md5: 1641d8cce93ccc37e946bfd3a92c0c1a
      size: 2042
    params:
      params.yaml:
        index_col: id
        loss_function: RMSE
        one_hot_drop: if_binary
        target_col: price
    outs:
    - path: models/fitted_model.pkl
      hash: md5
      md5: ecb3505eda58b4f92081c1591c7c72ce
      size: 1117539
      cloud:
        my_storage_project1:
          etag: ecb3505eda58b4f92081c1591c7c72ce
          version_id: 000623B7C6065B64
  evaluate_model:
    cmd: python scripts/evaluate.py
    deps:
    - path: models/fitted_model.pkl
      hash: md5
      md5: ecb3505eda58b4f92081c1591c7c72ce
      size: 1117539
    - path: scripts/evaluate.py
      hash: md5
      md5: 2f78f265feb90f8c909101ca7ce82e44
      size: 1387
    params:
      params.yaml:
        index_col: id
        metrics:
        - r2
        - neg_mean_squared_error
        - neg_mean_absolute_percentage_error
        n_splits: 5
        target_col: price
    outs:
    - path: cv_results/cv_res.json
      hash: md5
      md5: d0f090b3a928455818745bdc7e0ac389
      size: 162
      cloud:
        my_storage_project1:
          etag: d0f090b3a928455818745bdc7e0ac389
          version_id: 000623B7C606E230
